
Microsoft Visual Studio Solution File, Format Version 12.00
# Visual Studio Version 17
VisualStudioVersion = 17.9.34622.214
MinimumVisualStudioVersion = 10.0.40219.1
Project("{FAE04EC0-301F-11D3-BF4B-00C04F79EFBC}") = "DotNetAdvance", "DotNetAdvance\DotNetAdvance.csproj", "{37D505A8-C4E6-4EFA-8CA1-20DF73C01CDA}"
EndProject
Global
	GlobalSection(SolutionConfigurationPlatforms) = preSolution
		Debug|Any CPU = Debug|Any CPU
		Release|Any CPU = Release|Any CPU
	EndGlobalSection
	GlobalSection(ProjectConfigurationPlatforms) = postSolution
		{37D505A8-C4E6-4EFA-8CA1-20DF73C01CDA}.Debug|Any CPU.ActiveCfg = Debug|Any CPU
		{37D505A8-C4E6-4EFA-8CA1-20DF73C01CDA}.Debug|Any CPU.Build.0 = Debug|Any CPU
		{37D505A8-C4E6-4EFA-8CA1-20DF73C01CDA}.Release|Any CPU.ActiveCfg = Release|Any CPU
		{37D505A8-C4E6-4EFA-8CA1-20DF73C01CDA}.Release|Any CPU.Build.0 = Release|Any CPU
	EndGlobalSection
	GlobalSection(SolutionProperties) = preSolution
		HideSolutionNode = FALSE
	EndGlobalSection
	GlobalSection(ExtensibilityGlobals) = postSolution
		SolutionGuid = {DDB0A342-8C09-4153-89AB-5EC5E96D1F0B}
	EndGlobalSection
EndGlobal
